{
  "name": "json-schema-to-typescript-example",
  "version": "1.0.0",
  "lockfileVersion": 1,
  "requires": true,
  "dependencies": {
    "@types/node": {
      "version": "8.0.58",
      "resolved": "https://registry.npmjs.org/@types/node/-/node-8.0.58.tgz",
      "integrity": "sha512-V746iUU7eHNdzQipoACuguDlVhC7IHK8CES1jSkuFt352wwA84BCWPXaGekBd7R5XdNK5ReHONDVKxlL9IreAw=="
    },
    "core-js": {
      "version": "2.4.1",
      "resolved": "https://registry.npmjs.org/core-js/-/core-js-2.4.1.tgz",
      "integrity": "sha1-TekR5mew6ukSTjQlS1OupvxhjT4="
    },
    "oai-ts-core": {
      "version": "0.2.15",
      "resolved": "https://registry.npmjs.org/oai-ts-core/-/oai-ts-core-0.2.15.tgz",
      "integrity": "sha1-KoieLYE8X+XrhDD9YzO5JId0P9g=",
      "requires": {
        "core-js": "2.4.1"
      }
    },
    "typescript": {
      "version": "2.6.2",
      "resolved": "https://registry.npmjs.org/typescript/-/typescript-2.6.2.tgz",
      "integrity": "sha1-PFtv1/beCRQmkCfwPAlGdY92c6Q="
    }
  }
}
